
Microsoft Visual Studio Solution File, Format Version 12.00
# Visual Studio 15
VisualStudioVersion = 15.0.27703.2026
MinimumVisualStudioVersion = 10.0.40219.1
Project("{FAE04EC0-301F-11D3-BF4B-00C04F79EFBC}") = "Sender", "RemoteDesktopTCP\Sender.csproj", "{0E12441C-3661-4291-B267-EFAB5F43F45D}"
EndProject
Project("{FAE04EC0-301F-11D3-BF4B-00C04F79EFBC}") = "Receiver", "Receiver\Receiver.csproj", "{C66E653A-2DF0-42B4-BC64-8DE5024CFA5B}"
EndProject
Global
	GlobalSection(SolutionConfigurationPlatforms) = preSolution
		Debug|Any CPU = Debug|Any CPU
		Release|Any CPU = Release|Any CPU
	EndGlobalSection
	GlobalSection(ProjectConfigurationPlatforms) = postSolution
		{0E12441C-3661-4291-B267-EFAB5F43F45D}.Debug|Any CPU.ActiveCfg = Debug|Any CPU
		{0E12441C-3661-4291-B267-EFAB5F43F45D}.Debug|Any CPU.Build.0 = Debug|Any CPU
		{0E12441C-3661-4291-B267-EFAB5F43F45D}.Release|Any CPU.ActiveCfg = Release|Any CPU
		{0E12441C-3661-4291-B267-EFAB5F43F45D}.Release|Any CPU.Build.0 = Release|Any CPU
		{C66E653A-2DF0-42B4-BC64-8DE5024CFA5B}.Debug|Any CPU.ActiveCfg = Debug|Any CPU
		{C66E653A-2DF0-42B4-BC64-8DE5024CFA5B}.Debug|Any CPU.Build.0 = Debug|Any CPU
		{C66E653A-2DF0-42B4-BC64-8DE5024CFA5B}.Release|Any CPU.ActiveCfg = Release|Any CPU
		{C66E653A-2DF0-42B4-BC64-8DE5024CFA5B}.Release|Any CPU.Build.0 = Release|Any CPU
	EndGlobalSection
	GlobalSection(SolutionProperties) = preSolution
		HideSolutionNode = FALSE
	EndGlobalSection
	GlobalSection(ExtensibilityGlobals) = postSolution
		SolutionGuid = {14BE482E-2BD2-49F8-AA42-CECF3D87CBF7}
	EndGlobalSection
EndGlobal
